
Microsoft Visual Studio Solution File, Format Version 12.00
# Visual Studio Version 17
VisualStudioVersion = 17.5.33530.505
MinimumVisualStudioVersion = 10.0.40219.1
Project("{FAE04EC0-301F-11D3-BF4B-00C04F79EFBC}") = "Zemingo", "Zemingo\Zemingo.csproj", "{D590B6F7-0546-42C9-B85B-6A6392606206}"
EndProject
Project("{FAE04EC0-301F-11D3-BF4B-00C04F79EFBC}") = "Zemingo Tests", "Zemingo Tests\Zemingo Tests.csproj", "{ABC0C304-D907-4C90-AFB1-9DCCC9468FCB}"
EndProject
Global
	GlobalSection(SolutionConfigurationPlatforms) = preSolution
		Debug|Any CPU = Debug|Any CPU
		Release|Any CPU = Release|Any CPU
	EndGlobalSection
	GlobalSection(ProjectConfigurationPlatforms) = postSolution
		{D590B6F7-0546-42C9-B85B-6A6392606206}.Debug|Any CPU.ActiveCfg = Debug|Any CPU
		{D590B6F7-0546-42C9-B85B-6A6392606206}.Debug|Any CPU.Build.0 = Debug|Any CPU
		{D590B6F7-0546-42C9-B85B-6A6392606206}.Release|Any CPU.ActiveCfg = Release|Any CPU
		{D590B6F7-0546-42C9-B85B-6A6392606206}.Release|Any CPU.Build.0 = Release|Any CPU
		{ABC0C304-D907-4C90-AFB1-9DCCC9468FCB}.Debug|Any CPU.ActiveCfg = Debug|Any CPU
		{ABC0C304-D907-4C90-AFB1-9DCCC9468FCB}.Debug|Any CPU.Build.0 = Debug|Any CPU
		{ABC0C304-D907-4C90-AFB1-9DCCC9468FCB}.Release|Any CPU.ActiveCfg = Release|Any CPU
		{ABC0C304-D907-4C90-AFB1-9DCCC9468FCB}.Release|Any CPU.Build.0 = Release|Any CPU
	EndGlobalSection
	GlobalSection(SolutionProperties) = preSolution
		HideSolutionNode = FALSE
	EndGlobalSection
	GlobalSection(ExtensibilityGlobals) = postSolution
		SolutionGuid = {C6C5CAA3-D0AF-4560-8496-4A75A20D32E5}
	EndGlobalSection
EndGlobal
